// !$*UTF8*$!
{
	archiveVersion = 1;
	classes = {
	};
	objectVersion = 56;
	objects = {

/* Begin PBXBuildFile section */
		7F4611D429E7ED0500B97AC5 /* exercise_5.cpp in Sources */ = {isa = PBXBuildFile; fileRef = 7F4611D129E7E40700B97AC5 /* exercise_5.cpp */; };
/* End PBXBuildFile section */

/* Begin PBXCopyFilesBuildPhase section */
		7F4611AF29E7B9CC00B97AC5 /* CopyFiles */ = {
			isa = PBXCopyFilesBuildPhase;
			buildActionMask = 2147483647;
			dstPath = /usr/share/man/man1/;
			dstSubfolderSpec = 0;
			files = (
			);
			runOnlyForDeploymentPostprocessing = 1;
		};
/* End PBXCopyFilesBuildPhase section */

/* Begin PBXFileReference section */
		7F4611B129E7B9CC00B97AC5 /* LAB06 */ = {isa = PBXFileReference; explicitFileType = "compiled.mach-o.executable"; includeInIndex = 0; path = LAB06; sourceTree = BUILT_PRODUCTS_DIR; };
		7F4611BB29E7BA1300B97AC5 /* exercise_1.cpp */ = {isa = PBXFileReference; lastKnownFileType = sourcecode.cpp.cpp; path = exercise_1.cpp; sourceTree = "<group>"; };
		7F4611BD29E7BA4B00B97AC5 /* StackType.cpp */ = {isa = PBXFileReference; lastKnownFileType = sourcecode.cpp.cpp; path = StackType.cpp; sourceTree = "<group>"; };
		7F4611BE29E7BA4B00B97AC5 /* StackType.hpp */ = {isa = PBXFileReference; lastKnownFileType = sourcecode.cpp.h; path = StackType.hpp; sourceTree = "<group>"; };
		7F4611C029E7BF9600B97AC5 /* exercise_2.cpp */ = {isa = PBXFileReference; lastKnownFileType = sourcecode.cpp.cpp; path = exercise_2.cpp; sourceTree = "<group>"; };
		7F4611C229E7BFB700B97AC5 /* QueType.cpp */ = {isa = PBXFileReference; lastKnownFileType = sourcecode.cpp.cpp; path = QueType.cpp; sourceTree = "<group>"; };
		7F4611C329E7BFB700B97AC5 /* QueType.hpp */ = {isa = PBXFileReference; lastKnownFileType = sourcecode.cpp.h; path = QueType.hpp; sourceTree = "<group>"; };
		7F4611C529E7C48500B97AC5 /* SortedType.cpp */ = {isa = PBXFileReference; lastKnownFileType = sourcecode.cpp.cpp; path = SortedType.cpp; sourceTree = "<group>"; };
		7F4611C629E7C48500B97AC5 /* SortedType.hpp */ = {isa = PBXFileReference; lastKnownFileType = sourcecode.cpp.h; path = SortedType.hpp; sourceTree = "<group>"; };
		7F4611C829E7C54000B97AC5 /* exercise_3_1.cpp */ = {isa = PBXFileReference; lastKnownFileType = sourcecode.cpp.cpp; path = exercise_3_1.cpp; sourceTree = "<group>"; };
		7F4611CA29E7CCB500B97AC5 /* UnsortedType.cpp */ = {isa = PBXFileReference; lastKnownFileType = sourcecode.cpp.cpp; path = UnsortedType.cpp; sourceTree = "<group>"; };
		7F4611CB29E7CCB500B97AC5 /* UnsortedType.hpp */ = {isa = PBXFileReference; lastKnownFileType = sourcecode.cpp.h; path = UnsortedType.hpp; sourceTree = "<group>"; };
		7F4611CD29E7D71700B97AC5 /* exercise_3_2.cpp */ = {isa = PBXFileReference; lastKnownFileType = sourcecode.cpp.cpp; path = exercise_3_2.cpp; sourceTree = "<group>"; };
		7F4611CF29E7D9B500B97AC5 /* exercise_4.cpp */ = {isa = PBXFileReference; lastKnownFileType = sourcecode.cpp.cpp; path = exercise_4.cpp; sourceTree = "<group>"; };
		7F4611D129E7E40700B97AC5 /* exercise_5.cpp */ = {isa = PBXFileReference; lastKnownFileType = sourcecode.cpp.cpp; path = exercise_5.cpp; sourceTree = "<group>"; };
/* End PBXFileReference section */

/* Begin PBXFrameworksBuildPhase section */
		7F4611AE29E7B9CC00B97AC5 /* Frameworks */ = {
			isa = PBXFrameworksBuildPhase;
			buildActionMask = 2147483647;
			files = (
			);
			runOnlyForDeploymentPostprocessing = 0;
		};
/* End PBXFrameworksBuildPhase section */

/* Begin PBXGroup section */
		7F4611A829E7B9CC00B97AC5 = {
			isa = PBXGroup;
			children = (
				7F4611B329E7B9CC00B97AC5 /* LAB06 */,
				7F4611B229E7B9CC00B97AC5 /* Products */,
			);
			sourceTree = "<group>";
		};
		7F4611B229E7B9CC00B97AC5 /* Products */ = {
			isa = PBXGroup;
			children = (
				7F4611B129E7B9CC00B97AC5 /* LAB06 */,
			);
			name = Products;
			sourceTree = "<group>";
		};
		7F4611B329E7B9CC00B97AC5 /* LAB06 */ = {
			isa = PBXGroup;
			children = (
				7F4611BB29E7BA1300B97AC5 /* exercise_1.cpp */,
				7F4611BD29E7BA4B00B97AC5 /* StackType.cpp */,
				7F4611BE29E7BA4B00B97AC5 /* StackType.hpp */,
				7F4611C029E7BF9600B97AC5 /* exercise_2.cpp */,
				7F4611C229E7BFB700B97AC5 /* QueType.cpp */,
				7F4611C329E7BFB700B97AC5 /* QueType.hpp */,
				7F4611C529E7C48500B97AC5 /* SortedType.cpp */,
				7F4611C629E7C48500B97AC5 /* SortedType.hpp */,
				7F4611C829E7C54000B97AC5 /* exercise_3_1.cpp */,
				7F4611CA29E7CCB500B97AC5 /* UnsortedType.cpp */,
				7F4611CB29E7CCB500B97AC5 /* UnsortedType.hpp */,
				7F4611CD29E7D71700B97AC5 /* exercise_3_2.cpp */,
				7F4611CF29E7D9B500B97AC5 /* exercise_4.cpp */,
				7F4611D129E7E40700B97AC5 /* exercise_5.cpp */,
			);
			path = LAB06;
			sourceTree = "<group>";
		};
/* End PBXGroup section */

/* Begin PBXNativeTarget section */
		7F4611B029E7B9CC00B97AC5 /* LAB06 */ = {
			isa = PBXNativeTarget;
			buildConfigurationList = 7F4611B829E7B9CC00B97AC5 /* Build configuration list for PBXNativeTarget "LAB06" */;
			buildPhases = (
				7F4611AD29E7B9CC00B97AC5 /* Sources */,
				7F4611AE29E7B9CC00B97AC5 /* Frameworks */,
				7F4611AF29E7B9CC00B97AC5 /* CopyFiles */,
			);
			buildRules = (
			);
			dependencies = (
			);
			name = LAB06;
			productName = LAB06;
			productReference = 7F4611B129E7B9CC00B97AC5 /* LAB06 */;
			productType = "com.apple.product-type.tool";
		};
/* End PBXNativeTarget section */

/* Begin PBXProject section */
		7F4611A929E7B9CC00B97AC5 /* Project object */ = {
			isa = PBXProject;
			attributes = {
				BuildIndependentTargetsInParallel = 1;
				LastUpgradeCheck = 1420;
				TargetAttributes = {
					7F4611B029E7B9CC00B97AC5 = {
						CreatedOnToolsVersion = 14.2;
					};
				};
			};
			buildConfigurationList = 7F4611AC29E7B9CC00B97AC5 /* Build configuration list for PBXProject "LAB06" */;
			compatibilityVersion = "Xcode 14.0";
			developmentRegion = en;
			hasScannedForEncodings = 0;
			knownRegions = (
				en,
				Base,
			);
			mainGroup = 7F4611A829E7B9CC00B97AC5;
			productRefGroup = 7F4611B229E7B9CC00B97AC5 /* Products */;
			projectDirPath = "";
			projectRoot = "";
			targets = (
				7F4611B029E7B9CC00B97AC5 /* LAB06 */,
			);
		};
/* End PBXProject section */

/* Begin PBXSourcesBuildPhase section */
		7F4611AD29E7B9CC00B97AC5 /* Sources */ = {
			isa = PBXSourcesBuildPhase;
			buildActionMask = 2147483647;
			files = (
				7F4611D429E7ED0500B97AC5 /* exercise_5.cpp in Sources */,
			);
			runOnlyForDeploymentPostprocessing = 0;
		};
/* End PBXSourcesBuildPhase section */

/* Begin XCBuildConfiguration section */
		7F4611B629E7B9CC00B97AC5 /* Debug */ = {
			isa = XCBuildConfiguration;
			buildSettings = {
				ALWAYS_SEARCH_USER_PATHS = NO;
				CLANG_ANALYZER_NONNULL = YES;
				CLANG_ANALYZER_NUMBER_OBJECT_CONVERSION = YES_AGGRESSIVE;
				CLANG_CXX_LANGUAGE_STANDARD = "gnu++20";
				CLANG_ENABLE_MODULES = YES;
				CLANG_ENABLE_OBJC_ARC = YES;
				CLANG_ENABLE_OBJC_WEAK = YES;
				CLANG_WARN_BLOCK_CAPTURE_AUTORELEASING = YES;
				CLANG_WARN_BOOL_CONVERSION = YES;
				CLANG_WARN_COMMA = YES;
				CLANG_WARN_CONSTANT_CONVERSION = YES;
				CLANG_WARN_DEPRECATED_OBJC_IMPLEMENTATIONS = YES;
				CLANG_WARN_DIRECT_OBJC_ISA_USAGE = YES_ERROR;
				CLANG_WARN_DOCUMENTATION_COMMENTS = YES;
				CLANG_WARN_EMPTY_BODY = YES;
				CLANG_WARN_ENUM_CONVERSION = YES;
				CLANG_WARN_INFINITE_RECURSION = YES;
				CLANG_WARN_INT_CONVERSION = YES;
				CLANG_WARN_NON_LITERAL_NULL_CONVERSION = YES;
				CLANG_WARN_OBJC_IMPLICIT_RETAIN_SELF = YES;
				CLANG_WARN_OBJC_LITERAL_CONVERSION = YES;
				CLANG_WARN_OBJC_ROOT_CLASS = YES_ERROR;
				CLANG_WARN_QUOTED_INCLUDE_IN_FRAMEWORK_HEADER = YES;
				CLANG_WARN_RANGE_LOOP_ANALYSIS = YES;
				CLANG_WARN_STRICT_PROTOTYPES = YES;
				CLANG_WARN_SUSPICIOUS_MOVE = YES;
				CLANG_WARN_UNGUARDED_AVAILABILITY = YES_AGGRESSIVE;
				CLANG_WARN_UNREACHABLE_CODE = YES;
				CLANG_WARN__DUPLICATE_METHOD_MATCH = YES;
				COPY_PHASE_STRIP = NO;
				DEBUG_INFORMATION_FORMAT = dwarf;
				ENABLE_STRICT_OBJC_MSGSEND = YES;
				ENABLE_TESTABILITY = YES;
				GCC_C_LANGUAGE_STANDARD = gnu11;
				GCC_DYNAMIC_NO_PIC = NO;
				GCC_NO_COMMON_BLOCKS = YES;
				GCC_OPTIMIZATION_LEVEL = 0;
				GCC_PREPROCESSOR_DEFINITIONS = (
					"DEBUG=1",
					"$(inherited)",
				);
				GCC_WARN_64_TO_32_BIT_CONVERSION = YES;
				GCC_WARN_ABOUT_RETURN_TYPE = YES_ERROR;
				GCC_WARN_UNDECLARED_SELECTOR = YES;
				GCC_WARN_UNINITIALIZED_AUTOS = YES_AGGRESSIVE;
				GCC_WARN_UNUSED_FUNCTION = YES;
				GCC_WARN_UNUSED_VARIABLE = YES;
				MACOSX_DEPLOYMENT_TARGET = 13.1;
				MTL_ENABLE_DEBUG_INFO = INCLUDE_SOURCE;
				MTL_FAST_MATH = YES;
				ONLY_ACTIVE_ARCH = YES;
				SDKROOT = macosx;
			};
			name = Debug;
		};
		7F4611B729E7B9CC00B97AC5 /* Release */ = {
			isa = XCBuildConfiguration;
			buildSettings = {
				ALWAYS_SEARCH_USER_PATHS = NO;
				CLANG_ANALYZER_NONNULL = YES;
				CLANG_ANALYZER_NUMBER_OBJECT_CONVERSION = YES_AGGRESSIVE;
				CLANG_CXX_LANGUAGE_STANDARD = "gnu++20";
				CLANG_ENABLE_MODULES = YES;
				CLANG_ENABLE_OBJC_ARC = YES;
				CLANG_ENABLE_OBJC_WEAK = YES;
				CLANG_WARN_BLOCK_CAPTURE_AUTORELEASING = YES;
				CLANG_WARN_BOOL_CONVERSION = YES;
				CLANG_WARN_COMMA = YES;
				CLANG_WARN_CONSTANT_CONVERSION = YES;
				CLANG_WARN_DEPRECATED_OBJC_IMPLEMENTATIONS = YES;
				CLANG_WARN_DIRECT_OBJC_ISA_USAGE = YES_ERROR;
				CLANG_WARN_DOCUMENTATION_COMMENTS = YES;
				CLANG_WARN_EMPTY_BODY = YES;
				CLANG_WARN_ENUM_CONVERSION = YES;
				CLANG_WARN_INFINITE_RECURSION = YES;
				CLANG_WARN_INT_CONVERSION = YES;
				CLANG_WARN_NON_LITERAL_NULL_CONVERSION = YES;
				CLANG_WARN_OBJC_IMPLICIT_RETAIN_SELF = YES;
				CLANG_WARN_OBJC_LITERAL_CONVERSION = YES;
				CLANG_WARN_OBJC_ROOT_CLASS = YES_ERROR;
				CLANG_WARN_QUOTED_INCLUDE_IN_FRAMEWORK_HEADER = YES;
				CLANG_WARN_RANGE_LOOP_ANALYSIS = YES;
				CLANG_WARN_STRICT_PROTOTYPES = YES;
				CLANG_WARN_SUSPICIOUS_MOVE = YES;
				CLANG_WARN_UNGUARDED_AVAILABILITY = YES_AGGRESSIVE;
				CLANG_WARN_UNREACHABLE_CODE = YES;
				CLANG_WARN__DUPLICATE_METHOD_MATCH = YES;
				COPY_PHASE_STRIP = NO;
				DEBUG_INFORMATION_FORMAT = "dwarf-with-dsym";
				ENABLE_NS_ASSERTIONS = NO;
				ENABLE_STRICT_OBJC_MSGSEND = YES;
				GCC_C_LANGUAGE_STANDARD = gnu11;
				GCC_NO_COMMON_BLOCKS = YES;
				GCC_WARN_64_TO_32_BIT_CONVERSION = YES;
				GCC_WARN_ABOUT_RETURN_TYPE = YES_ERROR;
				GCC_WARN_UNDECLARED_SELECTOR = YES;
				GCC_WARN_UNINITIALIZED_AUTOS = YES_AGGRESSIVE;
				GCC_WARN_UNUSED_FUNCTION = YES;
				GCC_WARN_UNUSED_VARIABLE = YES;
				MACOSX_DEPLOYMENT_TARGET = 13.1;
				MTL_ENABLE_DEBUG_INFO = NO;
				MTL_FAST_MATH = YES;
				SDKROOT = macosx;
			};
			name = Release;
		};
		7F4611B929E7B9CC00B97AC5 /* Debug */ = {
			isa = XCBuildConfiguration;
			buildSettings = {
				CODE_SIGN_STYLE = Automatic;
				PRODUCT_NAME = "$(TARGET_NAME)";
			};
			name = Debug;
		};
		7F4611BA29E7B9CC00B97AC5 /* Release */ = {
			isa = XCBuildConfiguration;
			buildSettings = {
				CODE_SIGN_STYLE = Automatic;
				PRODUCT_NAME = "$(TARGET_NAME)";
			};
			name = Release;
		};
/* End XCBuildConfiguration section */

/* Begin XCConfigurationList section */
		7F4611AC29E7B9CC00B97AC5 /* Build configuration list for PBXProject "LAB06" */ = {
			isa = XCConfigurationList;
			buildConfigurations = (
				7F4611B629E7B9CC00B97AC5 /* Debug */,
				7F4611B729E7B9CC00B97AC5 /* Release */,
			);
			defaultConfigurationIsVisible = 0;
			defaultConfigurationName = Release;
		};
		7F4611B829E7B9CC00B97AC5 /* Build configuration list for PBXNativeTarget "LAB06" */ = {
			isa = XCConfigurationList;
			buildConfigurations = (
				7F4611B929E7B9CC00B97AC5 /* Debug */,
				7F4611BA29E7B9CC00B97AC5 /* Release */,
			);
			defaultConfigurationIsVisible = 0;
			defaultConfigurationName = Release;
		};
/* End XCConfigurationList section */
	};
	rootObject = 7F4611A929E7B9CC00B97AC5 /* Project object */;
}
