// !$*UTF8*$!
{
	archiveVersion = 1;
	classes = {
	};
	objectVersion = 56;
	objects = {

/* Begin PBXBuildFile section */
		7FD1A4262A261FAC0074F9EC /* exercise_3.cpp in Sources */ = {isa = PBXBuildFile; fileRef = 7FD1A4252A261FAC0074F9EC /* exercise_3.cpp */; };
/* End PBXBuildFile section */

/* Begin PBXCopyFilesBuildPhase section */
		7FD1A4012A25AEC20074F9EC /* CopyFiles */ = {
			isa = PBXCopyFilesBuildPhase;
			buildActionMask = 2147483647;
			dstPath = /usr/share/man/man1/;
			dstSubfolderSpec = 0;
			files = (
			);
			runOnlyForDeploymentPostprocessing = 1;
		};
/* End PBXCopyFilesBuildPhase section */

/* Begin PBXFileReference section */
		7FD1A4032A25AEC20074F9EC /* LAB12 */ = {isa = PBXFileReference; explicitFileType = "compiled.mach-o.executable"; includeInIndex = 0; path = LAB12; sourceTree = BUILT_PRODUCTS_DIR; };
		7FD1A40E2A25AF000074F9EC /* GraphType.hpp */ = {isa = PBXFileReference; lastKnownFileType = sourcecode.cpp.h; path = GraphType.hpp; sourceTree = "<group>"; };
		7FD1A4112A25AF0C0074F9EC /* QueType.hpp */ = {isa = PBXFileReference; lastKnownFileType = sourcecode.cpp.h; path = QueType.hpp; sourceTree = "<group>"; };
		7FD1A4132A25AF6A0074F9EC /* exercise_1.cpp */ = {isa = PBXFileReference; lastKnownFileType = sourcecode.cpp.cpp; path = exercise_1.cpp; sourceTree = "<group>"; };
		7FD1A4172A25B1370074F9EC /* GraphType.cpp */ = {isa = PBXFileReference; lastKnownFileType = sourcecode.cpp.cpp; path = GraphType.cpp; sourceTree = "<group>"; };
		7FD1A41A2A261B990074F9EC /* exercise_2.cpp */ = {isa = PBXFileReference; lastKnownFileType = sourcecode.cpp.cpp; path = exercise_2.cpp; sourceTree = "<group>"; };
		7FD1A41D2A261CAF0074F9EC /* DFSearch.cpp */ = {isa = PBXFileReference; lastKnownFileType = sourcecode.cpp.cpp; path = DFSearch.cpp; sourceTree = "<group>"; };
		7FD1A4202A261D850074F9EC /* StackType.hpp */ = {isa = PBXFileReference; lastKnownFileType = sourcecode.cpp.h; path = StackType.hpp; sourceTree = "<group>"; };
		7FD1A4232A261DCB0074F9EC /* MaxItem.hpp */ = {isa = PBXFileReference; lastKnownFileType = sourcecode.cpp.h; path = MaxItem.hpp; sourceTree = "<group>"; };
		7FD1A4252A261FAC0074F9EC /* exercise_3.cpp */ = {isa = PBXFileReference; lastKnownFileType = sourcecode.cpp.cpp; path = exercise_3.cpp; sourceTree = "<group>"; };
/* End PBXFileReference section */

/* Begin PBXFrameworksBuildPhase section */
		7FD1A4002A25AEC20074F9EC /* Frameworks */ = {
			isa = PBXFrameworksBuildPhase;
			buildActionMask = 2147483647;
			files = (
			);
			runOnlyForDeploymentPostprocessing = 0;
		};
/* End PBXFrameworksBuildPhase section */

/* Begin PBXGroup section */
		7FD1A3FA2A25AEC20074F9EC = {
			isa = PBXGroup;
			children = (
				7FD1A4052A25AEC20074F9EC /* LAB12 */,
				7FD1A4042A25AEC20074F9EC /* Products */,
			);
			sourceTree = "<group>";
		};
		7FD1A4042A25AEC20074F9EC /* Products */ = {
			isa = PBXGroup;
			children = (
				7FD1A4032A25AEC20074F9EC /* LAB12 */,
			);
			name = Products;
			sourceTree = "<group>";
		};
		7FD1A4052A25AEC20074F9EC /* LAB12 */ = {
			isa = PBXGroup;
			children = (
				7FD1A40E2A25AF000074F9EC /* GraphType.hpp */,
				7FD1A4112A25AF0C0074F9EC /* QueType.hpp */,
				7FD1A4132A25AF6A0074F9EC /* exercise_1.cpp */,
				7FD1A4172A25B1370074F9EC /* GraphType.cpp */,
				7FD1A41A2A261B990074F9EC /* exercise_2.cpp */,
				7FD1A41D2A261CAF0074F9EC /* DFSearch.cpp */,
				7FD1A4202A261D850074F9EC /* StackType.hpp */,
				7FD1A4232A261DCB0074F9EC /* MaxItem.hpp */,
				7FD1A4252A261FAC0074F9EC /* exercise_3.cpp */,
			);
			path = LAB12;
			sourceTree = "<group>";
		};
/* End PBXGroup section */

/* Begin PBXNativeTarget section */
		7FD1A4022A25AEC20074F9EC /* LAB12 */ = {
			isa = PBXNativeTarget;
			buildConfigurationList = 7FD1A40A2A25AEC20074F9EC /* Build configuration list for PBXNativeTarget "LAB12" */;
			buildPhases = (
				7FD1A3FF2A25AEC20074F9EC /* Sources */,
				7FD1A4002A25AEC20074F9EC /* Frameworks */,
				7FD1A4012A25AEC20074F9EC /* CopyFiles */,
			);
			buildRules = (
			);
			dependencies = (
			);
			name = LAB12;
			productName = LAB12;
			productReference = 7FD1A4032A25AEC20074F9EC /* LAB12 */;
			productType = "com.apple.product-type.tool";
		};
/* End PBXNativeTarget section */

/* Begin PBXProject section */
		7FD1A3FB2A25AEC20074F9EC /* Project object */ = {
			isa = PBXProject;
			attributes = {
				BuildIndependentTargetsInParallel = 1;
				LastUpgradeCheck = 1420;
				TargetAttributes = {
					7FD1A4022A25AEC20074F9EC = {
						CreatedOnToolsVersion = 14.2;
					};
				};
			};
			buildConfigurationList = 7FD1A3FE2A25AEC20074F9EC /* Build configuration list for PBXProject "LAB12" */;
			compatibilityVersion = "Xcode 14.0";
			developmentRegion = en;
			hasScannedForEncodings = 0;
			knownRegions = (
				en,
				Base,
			);
			mainGroup = 7FD1A3FA2A25AEC20074F9EC;
			productRefGroup = 7FD1A4042A25AEC20074F9EC /* Products */;
			projectDirPath = "";
			projectRoot = "";
			targets = (
				7FD1A4022A25AEC20074F9EC /* LAB12 */,
			);
		};
/* End PBXProject section */

/* Begin PBXSourcesBuildPhase section */
		7FD1A3FF2A25AEC20074F9EC /* Sources */ = {
			isa = PBXSourcesBuildPhase;
			buildActionMask = 2147483647;
			files = (
				7FD1A4262A261FAC0074F9EC /* exercise_3.cpp in Sources */,
			);
			runOnlyForDeploymentPostprocessing = 0;
		};
/* End PBXSourcesBuildPhase section */

/* Begin XCBuildConfiguration section */
		7FD1A4082A25AEC20074F9EC /* Debug */ = {
			isa = XCBuildConfiguration;
			buildSettings = {
				ALWAYS_SEARCH_USER_PATHS = NO;
				CLANG_ANALYZER_NONNULL = YES;
				CLANG_ANALYZER_NUMBER_OBJECT_CONVERSION = YES_AGGRESSIVE;
				CLANG_CXX_LANGUAGE_STANDARD = "gnu++20";
				CLANG_ENABLE_MODULES = YES;
				CLANG_ENABLE_OBJC_ARC = YES;
				CLANG_ENABLE_OBJC_WEAK = YES;
				CLANG_WARN_BLOCK_CAPTURE_AUTORELEASING = YES;
				CLANG_WARN_BOOL_CONVERSION = YES;
				CLANG_WARN_COMMA = YES;
				CLANG_WARN_CONSTANT_CONVERSION = YES;
				CLANG_WARN_DEPRECATED_OBJC_IMPLEMENTATIONS = YES;
				CLANG_WARN_DIRECT_OBJC_ISA_USAGE = YES_ERROR;
				CLANG_WARN_DOCUMENTATION_COMMENTS = YES;
				CLANG_WARN_EMPTY_BODY = YES;
				CLANG_WARN_ENUM_CONVERSION = YES;
				CLANG_WARN_INFINITE_RECURSION = YES;
				CLANG_WARN_INT_CONVERSION = YES;
				CLANG_WARN_NON_LITERAL_NULL_CONVERSION = YES;
				CLANG_WARN_OBJC_IMPLICIT_RETAIN_SELF = YES;
				CLANG_WARN_OBJC_LITERAL_CONVERSION = YES;
				CLANG_WARN_OBJC_ROOT_CLASS = YES_ERROR;
				CLANG_WARN_QUOTED_INCLUDE_IN_FRAMEWORK_HEADER = YES;
				CLANG_WARN_RANGE_LOOP_ANALYSIS = YES;
				CLANG_WARN_STRICT_PROTOTYPES = YES;
				CLANG_WARN_SUSPICIOUS_MOVE = YES;
				CLANG_WARN_UNGUARDED_AVAILABILITY = YES_AGGRESSIVE;
				CLANG_WARN_UNREACHABLE_CODE = YES;
				CLANG_WARN__DUPLICATE_METHOD_MATCH = YES;
				COPY_PHASE_STRIP = NO;
				DEBUG_INFORMATION_FORMAT = dwarf;
				ENABLE_STRICT_OBJC_MSGSEND = YES;
				ENABLE_TESTABILITY = YES;
				GCC_C_LANGUAGE_STANDARD = gnu11;
				GCC_DYNAMIC_NO_PIC = NO;
				GCC_NO_COMMON_BLOCKS = YES;
				GCC_OPTIMIZATION_LEVEL = 0;
				GCC_PREPROCESSOR_DEFINITIONS = (
					"DEBUG=1",
					"$(inherited)",
				);
				GCC_WARN_64_TO_32_BIT_CONVERSION = YES;
				GCC_WARN_ABOUT_RETURN_TYPE = YES_ERROR;
				GCC_WARN_UNDECLARED_SELECTOR = YES;
				GCC_WARN_UNINITIALIZED_AUTOS = YES_AGGRESSIVE;
				GCC_WARN_UNUSED_FUNCTION = YES;
				GCC_WARN_UNUSED_VARIABLE = YES;
				MACOSX_DEPLOYMENT_TARGET = 13.1;
				MTL_ENABLE_DEBUG_INFO = INCLUDE_SOURCE;
				MTL_FAST_MATH = YES;
				ONLY_ACTIVE_ARCH = YES;
				SDKROOT = macosx;
			};
			name = Debug;
		};
		7FD1A4092A25AEC20074F9EC /* Release */ = {
			isa = XCBuildConfiguration;
			buildSettings = {
				ALWAYS_SEARCH_USER_PATHS = NO;
				CLANG_ANALYZER_NONNULL = YES;
				CLANG_ANALYZER_NUMBER_OBJECT_CONVERSION = YES_AGGRESSIVE;
				CLANG_CXX_LANGUAGE_STANDARD = "gnu++20";
				CLANG_ENABLE_MODULES = YES;
				CLANG_ENABLE_OBJC_ARC = YES;
				CLANG_ENABLE_OBJC_WEAK = YES;
				CLANG_WARN_BLOCK_CAPTURE_AUTORELEASING = YES;
				CLANG_WARN_BOOL_CONVERSION = YES;
				CLANG_WARN_COMMA = YES;
				CLANG_WARN_CONSTANT_CONVERSION = YES;
				CLANG_WARN_DEPRECATED_OBJC_IMPLEMENTATIONS = YES;
				CLANG_WARN_DIRECT_OBJC_ISA_USAGE = YES_ERROR;
				CLANG_WARN_DOCUMENTATION_COMMENTS = YES;
				CLANG_WARN_EMPTY_BODY = YES;
				CLANG_WARN_ENUM_CONVERSION = YES;
				CLANG_WARN_INFINITE_RECURSION = YES;
				CLANG_WARN_INT_CONVERSION = YES;
				CLANG_WARN_NON_LITERAL_NULL_CONVERSION = YES;
				CLANG_WARN_OBJC_IMPLICIT_RETAIN_SELF = YES;
				CLANG_WARN_OBJC_LITERAL_CONVERSION = YES;
				CLANG_WARN_OBJC_ROOT_CLASS = YES_ERROR;
				CLANG_WARN_QUOTED_INCLUDE_IN_FRAMEWORK_HEADER = YES;
				CLANG_WARN_RANGE_LOOP_ANALYSIS = YES;
				CLANG_WARN_STRICT_PROTOTYPES = YES;
				CLANG_WARN_SUSPICIOUS_MOVE = YES;
				CLANG_WARN_UNGUARDED_AVAILABILITY = YES_AGGRESSIVE;
				CLANG_WARN_UNREACHABLE_CODE = YES;
				CLANG_WARN__DUPLICATE_METHOD_MATCH = YES;
				COPY_PHASE_STRIP = NO;
				DEBUG_INFORMATION_FORMAT = "dwarf-with-dsym";
				ENABLE_NS_ASSERTIONS = NO;
				ENABLE_STRICT_OBJC_MSGSEND = YES;
				GCC_C_LANGUAGE_STANDARD = gnu11;
				GCC_NO_COMMON_BLOCKS = YES;
				GCC_WARN_64_TO_32_BIT_CONVERSION = YES;
				GCC_WARN_ABOUT_RETURN_TYPE = YES_ERROR;
				GCC_WARN_UNDECLARED_SELECTOR = YES;
				GCC_WARN_UNINITIALIZED_AUTOS = YES_AGGRESSIVE;
				GCC_WARN_UNUSED_FUNCTION = YES;
				GCC_WARN_UNUSED_VARIABLE = YES;
				MACOSX_DEPLOYMENT_TARGET = 13.1;
				MTL_ENABLE_DEBUG_INFO = NO;
				MTL_FAST_MATH = YES;
				SDKROOT = macosx;
			};
			name = Release;
		};
		7FD1A40B2A25AEC20074F9EC /* Debug */ = {
			isa = XCBuildConfiguration;
			buildSettings = {
				CODE_SIGN_STYLE = Automatic;
				PRODUCT_NAME = "$(TARGET_NAME)";
			};
			name = Debug;
		};
		7FD1A40C2A25AEC20074F9EC /* Release */ = {
			isa = XCBuildConfiguration;
			buildSettings = {
				CODE_SIGN_STYLE = Automatic;
				PRODUCT_NAME = "$(TARGET_NAME)";
			};
			name = Release;
		};
/* End XCBuildConfiguration section */

/* Begin XCConfigurationList section */
		7FD1A3FE2A25AEC20074F9EC /* Build configuration list for PBXProject "LAB12" */ = {
			isa = XCConfigurationList;
			buildConfigurations = (
				7FD1A4082A25AEC20074F9EC /* Debug */,
				7FD1A4092A25AEC20074F9EC /* Release */,
			);
			defaultConfigurationIsVisible = 0;
			defaultConfigurationName = Release;
		};
		7FD1A40A2A25AEC20074F9EC /* Build configuration list for PBXNativeTarget "LAB12" */ = {
			isa = XCConfigurationList;
			buildConfigurations = (
				7FD1A40B2A25AEC20074F9EC /* Debug */,
				7FD1A40C2A25AEC20074F9EC /* Release */,
			);
			defaultConfigurationIsVisible = 0;
			defaultConfigurationName = Release;
		};
/* End XCConfigurationList section */
	};
	rootObject = 7FD1A3FB2A25AEC20074F9EC /* Project object */;
}
