// !$*UTF8*$!
{
	archiveVersion = 1;
	classes = {
	};
	objectVersion = 56;
	objects = {

/* Begin PBXBuildFile section */
		7F0D59A42A384EE8001BE297 /* exercise_4.cpp in Sources */ = {isa = PBXBuildFile; fileRef = 7F0D59A32A384EE8001BE297 /* exercise_4.cpp */; };
/* End PBXBuildFile section */

/* Begin PBXCopyFilesBuildPhase section */
		7F0D59692A3831F7001BE297 /* CopyFiles */ = {
			isa = PBXCopyFilesBuildPhase;
			buildActionMask = 2147483647;
			dstPath = /usr/share/man/man1/;
			dstSubfolderSpec = 0;
			files = (
			);
			runOnlyForDeploymentPostprocessing = 1;
		};
/* End PBXCopyFilesBuildPhase section */

/* Begin PBXFileReference section */
		7F0D596B2A3831F7001BE297 /* LAB14 */ = {isa = PBXFileReference; explicitFileType = "compiled.mach-o.executable"; includeInIndex = 0; path = LAB14; sourceTree = BUILT_PRODUCTS_DIR; };
		7F0D59752A383293001BE297 /* Student.cpp */ = {isa = PBXFileReference; lastKnownFileType = sourcecode.cpp.cpp; path = Student.cpp; sourceTree = "<group>"; };
		7F0D59762A383293001BE297 /* Student.hpp */ = {isa = PBXFileReference; lastKnownFileType = sourcecode.cpp.h; path = Student.hpp; sourceTree = "<group>"; };
		7F0D59782A38369A001BE297 /* Swap.cpp */ = {isa = PBXFileReference; lastKnownFileType = sourcecode.cpp.cpp; path = Swap.cpp; sourceTree = "<group>"; };
		7F0D597B2A3836FE001BE297 /* QuickSort.hpp */ = {isa = PBXFileReference; lastKnownFileType = sourcecode.cpp.h; path = QuickSort.hpp; sourceTree = "<group>"; };
		7F0D597D2A383864001BE297 /* exercise_1.cpp */ = {isa = PBXFileReference; lastKnownFileType = sourcecode.cpp.cpp; path = exercise_1.cpp; sourceTree = "<group>"; };
		7F0D59802A3839E2001BE297 /* MergeSort.hpp */ = {isa = PBXFileReference; lastKnownFileType = sourcecode.cpp.h; path = MergeSort.hpp; sourceTree = "<group>"; };
		7F0D59822A383C3D001BE297 /* exercise_2.cpp */ = {isa = PBXFileReference; lastKnownFileType = sourcecode.cpp.cpp; path = exercise_2.cpp; sourceTree = "<group>"; };
		7F0D59862A383D93001BE297 /* QuickSortPointer.hpp */ = {isa = PBXFileReference; lastKnownFileType = sourcecode.cpp.h; path = QuickSortPointer.hpp; sourceTree = "<group>"; };
		7F0D59892A384285001BE297 /* MergeSortPointer.hpp */ = {isa = PBXFileReference; lastKnownFileType = sourcecode.cpp.h; path = MergeSortPointer.hpp; sourceTree = "<group>"; };
		7F0D598B2A384332001BE297 /* exercise_3.cpp */ = {isa = PBXFileReference; lastKnownFileType = sourcecode.cpp.cpp; path = exercise_3.cpp; sourceTree = "<group>"; };
		7F0D59932A384700001BE297 /* SelectionSortPointer.hpp */ = {isa = PBXFileReference; lastKnownFileType = sourcecode.cpp.h; path = SelectionSortPointer.hpp; sourceTree = "<group>"; };
		7F0D59962A3847A2001BE297 /* InsertionSortPointer.hpp */ = {isa = PBXFileReference; lastKnownFileType = sourcecode.cpp.h; path = InsertionSortPointer.hpp; sourceTree = "<group>"; };
		7F0D59992A384847001BE297 /* HeapSortPointer.hpp */ = {isa = PBXFileReference; lastKnownFileType = sourcecode.cpp.h; path = HeapSortPointer.hpp; sourceTree = "<group>"; };
		7F0D599C2A384855001BE297 /* BubbleSortPointer.hpp */ = {isa = PBXFileReference; lastKnownFileType = sourcecode.cpp.h; path = BubbleSortPointer.hpp; sourceTree = "<group>"; };
		7F0D599F2A384AF9001BE297 /* HashTable.hpp */ = {isa = PBXFileReference; lastKnownFileType = sourcecode.cpp.h; path = HashTable.hpp; sourceTree = "<group>"; };
		7F0D59A32A384EE8001BE297 /* exercise_4.cpp */ = {isa = PBXFileReference; lastKnownFileType = sourcecode.cpp.cpp; path = exercise_4.cpp; sourceTree = "<group>"; };
/* End PBXFileReference section */

/* Begin PBXFrameworksBuildPhase section */
		7F0D59682A3831F7001BE297 /* Frameworks */ = {
			isa = PBXFrameworksBuildPhase;
			buildActionMask = 2147483647;
			files = (
			);
			runOnlyForDeploymentPostprocessing = 0;
		};
/* End PBXFrameworksBuildPhase section */

/* Begin PBXGroup section */
		7F0D59622A3831F7001BE297 = {
			isa = PBXGroup;
			children = (
				7F0D596D2A3831F7001BE297 /* LAB14 */,
				7F0D596C2A3831F7001BE297 /* Products */,
			);
			sourceTree = "<group>";
		};
		7F0D596C2A3831F7001BE297 /* Products */ = {
			isa = PBXGroup;
			children = (
				7F0D596B2A3831F7001BE297 /* LAB14 */,
			);
			name = Products;
			sourceTree = "<group>";
		};
		7F0D596D2A3831F7001BE297 /* LAB14 */ = {
			isa = PBXGroup;
			children = (
				7F0D59752A383293001BE297 /* Student.cpp */,
				7F0D59762A383293001BE297 /* Student.hpp */,
				7F0D59782A38369A001BE297 /* Swap.cpp */,
				7F0D597B2A3836FE001BE297 /* QuickSort.hpp */,
				7F0D597D2A383864001BE297 /* exercise_1.cpp */,
				7F0D59802A3839E2001BE297 /* MergeSort.hpp */,
				7F0D59822A383C3D001BE297 /* exercise_2.cpp */,
				7F0D59862A383D93001BE297 /* QuickSortPointer.hpp */,
				7F0D59892A384285001BE297 /* MergeSortPointer.hpp */,
				7F0D598B2A384332001BE297 /* exercise_3.cpp */,
				7F0D59932A384700001BE297 /* SelectionSortPointer.hpp */,
				7F0D59962A3847A2001BE297 /* InsertionSortPointer.hpp */,
				7F0D59992A384847001BE297 /* HeapSortPointer.hpp */,
				7F0D599C2A384855001BE297 /* BubbleSortPointer.hpp */,
				7F0D599F2A384AF9001BE297 /* HashTable.hpp */,
				7F0D59A32A384EE8001BE297 /* exercise_4.cpp */,
			);
			path = LAB14;
			sourceTree = "<group>";
		};
/* End PBXGroup section */

/* Begin PBXNativeTarget section */
		7F0D596A2A3831F7001BE297 /* LAB14 */ = {
			isa = PBXNativeTarget;
			buildConfigurationList = 7F0D59722A3831F7001BE297 /* Build configuration list for PBXNativeTarget "LAB14" */;
			buildPhases = (
				7F0D59672A3831F7001BE297 /* Sources */,
				7F0D59682A3831F7001BE297 /* Frameworks */,
				7F0D59692A3831F7001BE297 /* CopyFiles */,
			);
			buildRules = (
			);
			dependencies = (
			);
			name = LAB14;
			productName = LAB14;
			productReference = 7F0D596B2A3831F7001BE297 /* LAB14 */;
			productType = "com.apple.product-type.tool";
		};
/* End PBXNativeTarget section */

/* Begin PBXProject section */
		7F0D59632A3831F7001BE297 /* Project object */ = {
			isa = PBXProject;
			attributes = {
				BuildIndependentTargetsInParallel = 1;
				LastUpgradeCheck = 1430;
				TargetAttributes = {
					7F0D596A2A3831F7001BE297 = {
						CreatedOnToolsVersion = 14.3.1;
					};
				};
			};
			buildConfigurationList = 7F0D59662A3831F7001BE297 /* Build configuration list for PBXProject "LAB14" */;
			compatibilityVersion = "Xcode 14.0";
			developmentRegion = en;
			hasScannedForEncodings = 0;
			knownRegions = (
				en,
				Base,
			);
			mainGroup = 7F0D59622A3831F7001BE297;
			productRefGroup = 7F0D596C2A3831F7001BE297 /* Products */;
			projectDirPath = "";
			projectRoot = "";
			targets = (
				7F0D596A2A3831F7001BE297 /* LAB14 */,
			);
		};
/* End PBXProject section */

/* Begin PBXSourcesBuildPhase section */
		7F0D59672A3831F7001BE297 /* Sources */ = {
			isa = PBXSourcesBuildPhase;
			buildActionMask = 2147483647;
			files = (
				7F0D59A42A384EE8001BE297 /* exercise_4.cpp in Sources */,
			);
			runOnlyForDeploymentPostprocessing = 0;
		};
/* End PBXSourcesBuildPhase section */

/* Begin XCBuildConfiguration section */
		7F0D59702A3831F7001BE297 /* Debug */ = {
			isa = XCBuildConfiguration;
			buildSettings = {
				ALWAYS_SEARCH_USER_PATHS = NO;
				CLANG_ANALYZER_NONNULL = YES;
				CLANG_ANALYZER_NUMBER_OBJECT_CONVERSION = YES_AGGRESSIVE;
				CLANG_CXX_LANGUAGE_STANDARD = "gnu++20";
				CLANG_ENABLE_MODULES = YES;
				CLANG_ENABLE_OBJC_ARC = YES;
				CLANG_ENABLE_OBJC_WEAK = YES;
				CLANG_WARN_BLOCK_CAPTURE_AUTORELEASING = YES;
				CLANG_WARN_BOOL_CONVERSION = YES;
				CLANG_WARN_COMMA = YES;
				CLANG_WARN_CONSTANT_CONVERSION = YES;
				CLANG_WARN_DEPRECATED_OBJC_IMPLEMENTATIONS = YES;
				CLANG_WARN_DIRECT_OBJC_ISA_USAGE = YES_ERROR;
				CLANG_WARN_DOCUMENTATION_COMMENTS = YES;
				CLANG_WARN_EMPTY_BODY = YES;
				CLANG_WARN_ENUM_CONVERSION = YES;
				CLANG_WARN_INFINITE_RECURSION = YES;
				CLANG_WARN_INT_CONVERSION = YES;
				CLANG_WARN_NON_LITERAL_NULL_CONVERSION = YES;
				CLANG_WARN_OBJC_IMPLICIT_RETAIN_SELF = YES;
				CLANG_WARN_OBJC_LITERAL_CONVERSION = YES;
				CLANG_WARN_OBJC_ROOT_CLASS = YES_ERROR;
				CLANG_WARN_QUOTED_INCLUDE_IN_FRAMEWORK_HEADER = YES;
				CLANG_WARN_RANGE_LOOP_ANALYSIS = YES;
				CLANG_WARN_STRICT_PROTOTYPES = YES;
				CLANG_WARN_SUSPICIOUS_MOVE = YES;
				CLANG_WARN_UNGUARDED_AVAILABILITY = YES_AGGRESSIVE;
				CLANG_WARN_UNREACHABLE_CODE = YES;
				CLANG_WARN__DUPLICATE_METHOD_MATCH = YES;
				COPY_PHASE_STRIP = NO;
				DEBUG_INFORMATION_FORMAT = dwarf;
				ENABLE_STRICT_OBJC_MSGSEND = YES;
				ENABLE_TESTABILITY = YES;
				GCC_C_LANGUAGE_STANDARD = gnu11;
				GCC_DYNAMIC_NO_PIC = NO;
				GCC_NO_COMMON_BLOCKS = YES;
				GCC_OPTIMIZATION_LEVEL = 0;
				GCC_PREPROCESSOR_DEFINITIONS = (
					"DEBUG=1",
					"$(inherited)",
				);
				GCC_WARN_64_TO_32_BIT_CONVERSION = YES;
				GCC_WARN_ABOUT_RETURN_TYPE = YES_ERROR;
				GCC_WARN_UNDECLARED_SELECTOR = YES;
				GCC_WARN_UNINITIALIZED_AUTOS = YES_AGGRESSIVE;
				GCC_WARN_UNUSED_FUNCTION = YES;
				GCC_WARN_UNUSED_VARIABLE = YES;
				MACOSX_DEPLOYMENT_TARGET = 13.3;
				MTL_ENABLE_DEBUG_INFO = INCLUDE_SOURCE;
				MTL_FAST_MATH = YES;
				ONLY_ACTIVE_ARCH = YES;
				SDKROOT = macosx;
			};
			name = Debug;
		};
		7F0D59712A3831F7001BE297 /* Release */ = {
			isa = XCBuildConfiguration;
			buildSettings = {
				ALWAYS_SEARCH_USER_PATHS = NO;
				CLANG_ANALYZER_NONNULL = YES;
				CLANG_ANALYZER_NUMBER_OBJECT_CONVERSION = YES_AGGRESSIVE;
				CLANG_CXX_LANGUAGE_STANDARD = "gnu++20";
				CLANG_ENABLE_MODULES = YES;
				CLANG_ENABLE_OBJC_ARC = YES;
				CLANG_ENABLE_OBJC_WEAK = YES;
				CLANG_WARN_BLOCK_CAPTURE_AUTORELEASING = YES;
				CLANG_WARN_BOOL_CONVERSION = YES;
				CLANG_WARN_COMMA = YES;
				CLANG_WARN_CONSTANT_CONVERSION = YES;
				CLANG_WARN_DEPRECATED_OBJC_IMPLEMENTATIONS = YES;
				CLANG_WARN_DIRECT_OBJC_ISA_USAGE = YES_ERROR;
				CLANG_WARN_DOCUMENTATION_COMMENTS = YES;
				CLANG_WARN_EMPTY_BODY = YES;
				CLANG_WARN_ENUM_CONVERSION = YES;
				CLANG_WARN_INFINITE_RECURSION = YES;
				CLANG_WARN_INT_CONVERSION = YES;
				CLANG_WARN_NON_LITERAL_NULL_CONVERSION = YES;
				CLANG_WARN_OBJC_IMPLICIT_RETAIN_SELF = YES;
				CLANG_WARN_OBJC_LITERAL_CONVERSION = YES;
				CLANG_WARN_OBJC_ROOT_CLASS = YES_ERROR;
				CLANG_WARN_QUOTED_INCLUDE_IN_FRAMEWORK_HEADER = YES;
				CLANG_WARN_RANGE_LOOP_ANALYSIS = YES;
				CLANG_WARN_STRICT_PROTOTYPES = YES;
				CLANG_WARN_SUSPICIOUS_MOVE = YES;
				CLANG_WARN_UNGUARDED_AVAILABILITY = YES_AGGRESSIVE;
				CLANG_WARN_UNREACHABLE_CODE = YES;
				CLANG_WARN__DUPLICATE_METHOD_MATCH = YES;
				COPY_PHASE_STRIP = NO;
				DEBUG_INFORMATION_FORMAT = "dwarf-with-dsym";
				ENABLE_NS_ASSERTIONS = NO;
				ENABLE_STRICT_OBJC_MSGSEND = YES;
				GCC_C_LANGUAGE_STANDARD = gnu11;
				GCC_NO_COMMON_BLOCKS = YES;
				GCC_WARN_64_TO_32_BIT_CONVERSION = YES;
				GCC_WARN_ABOUT_RETURN_TYPE = YES_ERROR;
				GCC_WARN_UNDECLARED_SELECTOR = YES;
				GCC_WARN_UNINITIALIZED_AUTOS = YES_AGGRESSIVE;
				GCC_WARN_UNUSED_FUNCTION = YES;
				GCC_WARN_UNUSED_VARIABLE = YES;
				MACOSX_DEPLOYMENT_TARGET = 13.3;
				MTL_ENABLE_DEBUG_INFO = NO;
				MTL_FAST_MATH = YES;
				SDKROOT = macosx;
			};
			name = Release;
		};
		7F0D59732A3831F7001BE297 /* Debug */ = {
			isa = XCBuildConfiguration;
			buildSettings = {
				CODE_SIGN_STYLE = Automatic;
				PRODUCT_NAME = "$(TARGET_NAME)";
			};
			name = Debug;
		};
		7F0D59742A3831F7001BE297 /* Release */ = {
			isa = XCBuildConfiguration;
			buildSettings = {
				CODE_SIGN_STYLE = Automatic;
				PRODUCT_NAME = "$(TARGET_NAME)";
			};
			name = Release;
		};
/* End XCBuildConfiguration section */

/* Begin XCConfigurationList section */
		7F0D59662A3831F7001BE297 /* Build configuration list for PBXProject "LAB14" */ = {
			isa = XCConfigurationList;
			buildConfigurations = (
				7F0D59702A3831F7001BE297 /* Debug */,
				7F0D59712A3831F7001BE297 /* Release */,
			);
			defaultConfigurationIsVisible = 0;
			defaultConfigurationName = Release;
		};
		7F0D59722A3831F7001BE297 /* Build configuration list for PBXNativeTarget "LAB14" */ = {
			isa = XCConfigurationList;
			buildConfigurations = (
				7F0D59732A3831F7001BE297 /* Debug */,
				7F0D59742A3831F7001BE297 /* Release */,
			);
			defaultConfigurationIsVisible = 0;
			defaultConfigurationName = Release;
		};
/* End XCConfigurationList section */
	};
	rootObject = 7F0D59632A3831F7001BE297 /* Project object */;
}
