// !$*UTF8*$!
{
	archiveVersion = 1;
	classes = {
	};
	objectVersion = 56;
	objects = {

/* Begin PBXBuildFile section */
		7F4E0AA329D5D1500058D06D /* exercise_3.cpp in Sources */ = {isa = PBXBuildFile; fileRef = 7F4E0A9529D54E980058D06D /* exercise_3.cpp */; };
/* End PBXBuildFile section */

/* Begin PBXCopyFilesBuildPhase section */
		7F4E0A7D29D5447A0058D06D /* CopyFiles */ = {
			isa = PBXCopyFilesBuildPhase;
			buildActionMask = 2147483647;
			dstPath = /usr/share/man/man1/;
			dstSubfolderSpec = 0;
			files = (
			);
			runOnlyForDeploymentPostprocessing = 1;
		};
/* End PBXCopyFilesBuildPhase section */

/* Begin PBXFileReference section */
		7F4E0A7F29D5447A0058D06D /* LAB04 */ = {isa = PBXFileReference; explicitFileType = "compiled.mach-o.executable"; includeInIndex = 0; path = LAB04; sourceTree = BUILT_PRODUCTS_DIR; };
		7F4E0A8229D5447A0058D06D /* excercise_1.cpp */ = {isa = PBXFileReference; lastKnownFileType = sourcecode.cpp.cpp; path = excercise_1.cpp; sourceTree = "<group>"; };
		7F4E0A8929D544F80058D06D /* StackTType.cpp */ = {isa = PBXFileReference; lastKnownFileType = sourcecode.cpp.cpp; path = StackTType.cpp; sourceTree = "<group>"; };
		7F4E0A8A29D544F80058D06D /* StackTType.hpp */ = {isa = PBXFileReference; lastKnownFileType = sourcecode.cpp.h; path = StackTType.hpp; sourceTree = "<group>"; };
		7F4E0A8D29D5453C0058D06D /* MaxItem.hpp */ = {isa = PBXFileReference; lastKnownFileType = sourcecode.cpp.h; path = MaxItem.hpp; sourceTree = "<group>"; };
		7F4E0A9329D549D00058D06D /* exercise_2.cpp */ = {isa = PBXFileReference; lastKnownFileType = sourcecode.cpp.cpp; path = exercise_2.cpp; sourceTree = "<group>"; };
		7F4E0A9529D54E980058D06D /* exercise_3.cpp */ = {isa = PBXFileReference; lastKnownFileType = sourcecode.cpp.cpp; path = exercise_3.cpp; sourceTree = "<group>"; };
		7F4E0A9729D551790058D06D /* exercise_4.cpp */ = {isa = PBXFileReference; lastKnownFileType = sourcecode.cpp.cpp; path = exercise_4.cpp; sourceTree = "<group>"; };
		7F4E0A9929D551B90058D06D /* StackType.cpp */ = {isa = PBXFileReference; lastKnownFileType = sourcecode.cpp.cpp; path = StackType.cpp; sourceTree = "<group>"; };
		7F4E0A9A29D551B90058D06D /* StackType.hpp */ = {isa = PBXFileReference; lastKnownFileType = sourcecode.cpp.h; path = StackType.hpp; sourceTree = "<group>"; };
		7F4E0A9D29D5521E0058D06D /* ItemType.hpp */ = {isa = PBXFileReference; lastKnownFileType = sourcecode.cpp.h; path = ItemType.hpp; sourceTree = "<group>"; };
/* End PBXFileReference section */

/* Begin PBXFrameworksBuildPhase section */
		7F4E0A7C29D5447A0058D06D /* Frameworks */ = {
			isa = PBXFrameworksBuildPhase;
			buildActionMask = 2147483647;
			files = (
			);
			runOnlyForDeploymentPostprocessing = 0;
		};
/* End PBXFrameworksBuildPhase section */

/* Begin PBXGroup section */
		7F4E0A7629D5447A0058D06D = {
			isa = PBXGroup;
			children = (
				7F4E0A8129D5447A0058D06D /* LAB04 */,
				7F4E0A8029D5447A0058D06D /* Products */,
			);
			sourceTree = "<group>";
		};
		7F4E0A8029D5447A0058D06D /* Products */ = {
			isa = PBXGroup;
			children = (
				7F4E0A7F29D5447A0058D06D /* LAB04 */,
			);
			name = Products;
			sourceTree = "<group>";
		};
		7F4E0A8129D5447A0058D06D /* LAB04 */ = {
			isa = PBXGroup;
			children = (
				7F4E0A8229D5447A0058D06D /* excercise_1.cpp */,
				7F4E0A8929D544F80058D06D /* StackTType.cpp */,
				7F4E0A8A29D544F80058D06D /* StackTType.hpp */,
				7F4E0A8D29D5453C0058D06D /* MaxItem.hpp */,
				7F4E0A9329D549D00058D06D /* exercise_2.cpp */,
				7F4E0A9529D54E980058D06D /* exercise_3.cpp */,
				7F4E0A9729D551790058D06D /* exercise_4.cpp */,
				7F4E0A9929D551B90058D06D /* StackType.cpp */,
				7F4E0A9A29D551B90058D06D /* StackType.hpp */,
				7F4E0A9D29D5521E0058D06D /* ItemType.hpp */,
			);
			path = LAB04;
			sourceTree = "<group>";
		};
/* End PBXGroup section */

/* Begin PBXNativeTarget section */
		7F4E0A7E29D5447A0058D06D /* LAB04 */ = {
			isa = PBXNativeTarget;
			buildConfigurationList = 7F4E0A8629D5447A0058D06D /* Build configuration list for PBXNativeTarget "LAB04" */;
			buildPhases = (
				7F4E0A7B29D5447A0058D06D /* Sources */,
				7F4E0A7C29D5447A0058D06D /* Frameworks */,
				7F4E0A7D29D5447A0058D06D /* CopyFiles */,
			);
			buildRules = (
			);
			dependencies = (
			);
			name = LAB04;
			productName = LAB04;
			productReference = 7F4E0A7F29D5447A0058D06D /* LAB04 */;
			productType = "com.apple.product-type.tool";
		};
/* End PBXNativeTarget section */

/* Begin PBXProject section */
		7F4E0A7729D5447A0058D06D /* Project object */ = {
			isa = PBXProject;
			attributes = {
				BuildIndependentTargetsInParallel = 1;
				LastUpgradeCheck = 1420;
				TargetAttributes = {
					7F4E0A7E29D5447A0058D06D = {
						CreatedOnToolsVersion = 14.2;
					};
				};
			};
			buildConfigurationList = 7F4E0A7A29D5447A0058D06D /* Build configuration list for PBXProject "LAB04" */;
			compatibilityVersion = "Xcode 14.0";
			developmentRegion = en;
			hasScannedForEncodings = 0;
			knownRegions = (
				en,
				Base,
			);
			mainGroup = 7F4E0A7629D5447A0058D06D;
			productRefGroup = 7F4E0A8029D5447A0058D06D /* Products */;
			projectDirPath = "";
			projectRoot = "";
			targets = (
				7F4E0A7E29D5447A0058D06D /* LAB04 */,
			);
		};
/* End PBXProject section */

/* Begin PBXSourcesBuildPhase section */
		7F4E0A7B29D5447A0058D06D /* Sources */ = {
			isa = PBXSourcesBuildPhase;
			buildActionMask = 2147483647;
			files = (
				7F4E0AA329D5D1500058D06D /* exercise_3.cpp in Sources */,
			);
			runOnlyForDeploymentPostprocessing = 0;
		};
/* End PBXSourcesBuildPhase section */

/* Begin XCBuildConfiguration section */
		7F4E0A8429D5447A0058D06D /* Debug */ = {
			isa = XCBuildConfiguration;
			buildSettings = {
				ALWAYS_SEARCH_USER_PATHS = NO;
				CLANG_ANALYZER_NONNULL = YES;
				CLANG_ANALYZER_NUMBER_OBJECT_CONVERSION = YES_AGGRESSIVE;
				CLANG_CXX_LANGUAGE_STANDARD = "gnu++20";
				CLANG_ENABLE_MODULES = YES;
				CLANG_ENABLE_OBJC_ARC = YES;
				CLANG_ENABLE_OBJC_WEAK = YES;
				CLANG_WARN_BLOCK_CAPTURE_AUTORELEASING = YES;
				CLANG_WARN_BOOL_CONVERSION = YES;
				CLANG_WARN_COMMA = YES;
				CLANG_WARN_CONSTANT_CONVERSION = YES;
				CLANG_WARN_DEPRECATED_OBJC_IMPLEMENTATIONS = YES;
				CLANG_WARN_DIRECT_OBJC_ISA_USAGE = YES_ERROR;
				CLANG_WARN_DOCUMENTATION_COMMENTS = YES;
				CLANG_WARN_EMPTY_BODY = YES;
				CLANG_WARN_ENUM_CONVERSION = YES;
				CLANG_WARN_INFINITE_RECURSION = YES;
				CLANG_WARN_INT_CONVERSION = YES;
				CLANG_WARN_NON_LITERAL_NULL_CONVERSION = YES;
				CLANG_WARN_OBJC_IMPLICIT_RETAIN_SELF = YES;
				CLANG_WARN_OBJC_LITERAL_CONVERSION = YES;
				CLANG_WARN_OBJC_ROOT_CLASS = YES_ERROR;
				CLANG_WARN_QUOTED_INCLUDE_IN_FRAMEWORK_HEADER = YES;
				CLANG_WARN_RANGE_LOOP_ANALYSIS = YES;
				CLANG_WARN_STRICT_PROTOTYPES = YES;
				CLANG_WARN_SUSPICIOUS_MOVE = YES;
				CLANG_WARN_UNGUARDED_AVAILABILITY = YES_AGGRESSIVE;
				CLANG_WARN_UNREACHABLE_CODE = YES;
				CLANG_WARN__DUPLICATE_METHOD_MATCH = YES;
				COPY_PHASE_STRIP = NO;
				DEBUG_INFORMATION_FORMAT = dwarf;
				ENABLE_STRICT_OBJC_MSGSEND = YES;
				ENABLE_TESTABILITY = YES;
				GCC_C_LANGUAGE_STANDARD = gnu11;
				GCC_DYNAMIC_NO_PIC = NO;
				GCC_NO_COMMON_BLOCKS = YES;
				GCC_OPTIMIZATION_LEVEL = 0;
				GCC_PREPROCESSOR_DEFINITIONS = (
					"DEBUG=1",
					"$(inherited)",
				);
				GCC_WARN_64_TO_32_BIT_CONVERSION = YES;
				GCC_WARN_ABOUT_RETURN_TYPE = YES_ERROR;
				GCC_WARN_UNDECLARED_SELECTOR = YES;
				GCC_WARN_UNINITIALIZED_AUTOS = YES_AGGRESSIVE;
				GCC_WARN_UNUSED_FUNCTION = YES;
				GCC_WARN_UNUSED_VARIABLE = YES;
				MACOSX_DEPLOYMENT_TARGET = 13.1;
				MTL_ENABLE_DEBUG_INFO = INCLUDE_SOURCE;
				MTL_FAST_MATH = YES;
				ONLY_ACTIVE_ARCH = YES;
				SDKROOT = macosx;
			};
			name = Debug;
		};
		7F4E0A8529D5447A0058D06D /* Release */ = {
			isa = XCBuildConfiguration;
			buildSettings = {
				ALWAYS_SEARCH_USER_PATHS = NO;
				CLANG_ANALYZER_NONNULL = YES;
				CLANG_ANALYZER_NUMBER_OBJECT_CONVERSION = YES_AGGRESSIVE;
				CLANG_CXX_LANGUAGE_STANDARD = "gnu++20";
				CLANG_ENABLE_MODULES = YES;
				CLANG_ENABLE_OBJC_ARC = YES;
				CLANG_ENABLE_OBJC_WEAK = YES;
				CLANG_WARN_BLOCK_CAPTURE_AUTORELEASING = YES;
				CLANG_WARN_BOOL_CONVERSION = YES;
				CLANG_WARN_COMMA = YES;
				CLANG_WARN_CONSTANT_CONVERSION = YES;
				CLANG_WARN_DEPRECATED_OBJC_IMPLEMENTATIONS = YES;
				CLANG_WARN_DIRECT_OBJC_ISA_USAGE = YES_ERROR;
				CLANG_WARN_DOCUMENTATION_COMMENTS = YES;
				CLANG_WARN_EMPTY_BODY = YES;
				CLANG_WARN_ENUM_CONVERSION = YES;
				CLANG_WARN_INFINITE_RECURSION = YES;
				CLANG_WARN_INT_CONVERSION = YES;
				CLANG_WARN_NON_LITERAL_NULL_CONVERSION = YES;
				CLANG_WARN_OBJC_IMPLICIT_RETAIN_SELF = YES;
				CLANG_WARN_OBJC_LITERAL_CONVERSION = YES;
				CLANG_WARN_OBJC_ROOT_CLASS = YES_ERROR;
				CLANG_WARN_QUOTED_INCLUDE_IN_FRAMEWORK_HEADER = YES;
				CLANG_WARN_RANGE_LOOP_ANALYSIS = YES;
				CLANG_WARN_STRICT_PROTOTYPES = YES;
				CLANG_WARN_SUSPICIOUS_MOVE = YES;
				CLANG_WARN_UNGUARDED_AVAILABILITY = YES_AGGRESSIVE;
				CLANG_WARN_UNREACHABLE_CODE = YES;
				CLANG_WARN__DUPLICATE_METHOD_MATCH = YES;
				COPY_PHASE_STRIP = NO;
				DEBUG_INFORMATION_FORMAT = "dwarf-with-dsym";
				ENABLE_NS_ASSERTIONS = NO;
				ENABLE_STRICT_OBJC_MSGSEND = YES;
				GCC_C_LANGUAGE_STANDARD = gnu11;
				GCC_NO_COMMON_BLOCKS = YES;
				GCC_WARN_64_TO_32_BIT_CONVERSION = YES;
				GCC_WARN_ABOUT_RETURN_TYPE = YES_ERROR;
				GCC_WARN_UNDECLARED_SELECTOR = YES;
				GCC_WARN_UNINITIALIZED_AUTOS = YES_AGGRESSIVE;
				GCC_WARN_UNUSED_FUNCTION = YES;
				GCC_WARN_UNUSED_VARIABLE = YES;
				MACOSX_DEPLOYMENT_TARGET = 13.1;
				MTL_ENABLE_DEBUG_INFO = NO;
				MTL_FAST_MATH = YES;
				SDKROOT = macosx;
			};
			name = Release;
		};
		7F4E0A8729D5447A0058D06D /* Debug */ = {
			isa = XCBuildConfiguration;
			buildSettings = {
				CODE_SIGN_STYLE = Automatic;
				PRODUCT_NAME = "$(TARGET_NAME)";
			};
			name = Debug;
		};
		7F4E0A8829D5447A0058D06D /* Release */ = {
			isa = XCBuildConfiguration;
			buildSettings = {
				CODE_SIGN_STYLE = Automatic;
				PRODUCT_NAME = "$(TARGET_NAME)";
			};
			name = Release;
		};
/* End XCBuildConfiguration section */

/* Begin XCConfigurationList section */
		7F4E0A7A29D5447A0058D06D /* Build configuration list for PBXProject "LAB04" */ = {
			isa = XCConfigurationList;
			buildConfigurations = (
				7F4E0A8429D5447A0058D06D /* Debug */,
				7F4E0A8529D5447A0058D06D /* Release */,
			);
			defaultConfigurationIsVisible = 0;
			defaultConfigurationName = Release;
		};
		7F4E0A8629D5447A0058D06D /* Build configuration list for PBXNativeTarget "LAB04" */ = {
			isa = XCConfigurationList;
			buildConfigurations = (
				7F4E0A8729D5447A0058D06D /* Debug */,
				7F4E0A8829D5447A0058D06D /* Release */,
			);
			defaultConfigurationIsVisible = 0;
			defaultConfigurationName = Release;
		};
/* End XCConfigurationList section */
	};
	rootObject = 7F4E0A7729D5447A0058D06D /* Project object */;
}
