// !$*UTF8*$!
{
	archiveVersion = 1;
	classes = {
	};
	objectVersion = 56;
	objects = {

/* Begin PBXBuildFile section */
		7F714FF62A1CA8BE0021D5AA /* exercise_4.cpp in Sources */ = {isa = PBXBuildFile; fileRef = 7F714FF42A1CA8140021D5AA /* exercise_4.cpp */; };
/* End PBXBuildFile section */

/* Begin PBXCopyFilesBuildPhase section */
		7F714FD22A1C75E90021D5AA /* CopyFiles */ = {
			isa = PBXCopyFilesBuildPhase;
			buildActionMask = 2147483647;
			dstPath = /usr/share/man/man1/;
			dstSubfolderSpec = 0;
			files = (
			);
			runOnlyForDeploymentPostprocessing = 1;
		};
/* End PBXCopyFilesBuildPhase section */

/* Begin PBXFileReference section */
		7F714FD42A1C75E90021D5AA /* LAB11 */ = {isa = PBXFileReference; explicitFileType = "compiled.mach-o.executable"; includeInIndex = 0; path = LAB11; sourceTree = BUILT_PRODUCTS_DIR; };
		7F714FDF2A1C76260021D5AA /* Heap.hpp */ = {isa = PBXFileReference; lastKnownFileType = sourcecode.cpp.h; path = Heap.hpp; sourceTree = "<group>"; };
		7F714FE22A1C76780021D5AA /* PQType.hpp */ = {isa = PBXFileReference; lastKnownFileType = sourcecode.cpp.h; path = PQType.hpp; sourceTree = "<group>"; };
		7F714FE42A1C85670021D5AA /* exercise_2.cpp */ = {isa = PBXFileReference; lastKnownFileType = sourcecode.cpp.cpp; path = exercise_2.cpp; sourceTree = "<group>"; };
		7F714FE72A1C88A60021D5AA /* SortedType.hpp */ = {isa = PBXFileReference; lastKnownFileType = sourcecode.cpp.h; path = SortedType.hpp; sourceTree = "<group>"; };
		7F714FE92A1C898C0021D5AA /* PQLLType.cpp */ = {isa = PBXFileReference; lastKnownFileType = sourcecode.cpp.cpp; path = PQLLType.cpp; sourceTree = "<group>"; };
		7F714FEA2A1C898C0021D5AA /* PQLLType.hpp */ = {isa = PBXFileReference; lastKnownFileType = sourcecode.cpp.h; path = PQLLType.hpp; sourceTree = "<group>"; };
		7F714FEC2A1C8DA50021D5AA /* exercise_3.cpp */ = {isa = PBXFileReference; lastKnownFileType = sourcecode.cpp.cpp; path = exercise_3.cpp; sourceTree = "<group>"; };
		7F714FEE2A1C8E180021D5AA /* StackType.cpp */ = {isa = PBXFileReference; lastKnownFileType = sourcecode.cpp.cpp; path = StackType.cpp; sourceTree = "<group>"; };
		7F714FEF2A1C8E180021D5AA /* StackType.hpp */ = {isa = PBXFileReference; lastKnownFileType = sourcecode.cpp.h; path = StackType.hpp; sourceTree = "<group>"; };
		7F714FF12A1C8F040021D5AA /* PQSType.cpp */ = {isa = PBXFileReference; lastKnownFileType = sourcecode.cpp.cpp; path = PQSType.cpp; sourceTree = "<group>"; };
		7F714FF22A1C8F040021D5AA /* PQSType.hpp */ = {isa = PBXFileReference; lastKnownFileType = sourcecode.cpp.h; path = PQSType.hpp; sourceTree = "<group>"; };
		7F714FF42A1CA8140021D5AA /* exercise_4.cpp */ = {isa = PBXFileReference; lastKnownFileType = sourcecode.cpp.cpp; path = exercise_4.cpp; sourceTree = "<group>"; };
/* End PBXFileReference section */

/* Begin PBXFrameworksBuildPhase section */
		7F714FD12A1C75E90021D5AA /* Frameworks */ = {
			isa = PBXFrameworksBuildPhase;
			buildActionMask = 2147483647;
			files = (
			);
			runOnlyForDeploymentPostprocessing = 0;
		};
/* End PBXFrameworksBuildPhase section */

/* Begin PBXGroup section */
		7F714FCB2A1C75E90021D5AA = {
			isa = PBXGroup;
			children = (
				7F714FD62A1C75E90021D5AA /* LAB11 */,
				7F714FD52A1C75E90021D5AA /* Products */,
			);
			sourceTree = "<group>";
		};
		7F714FD52A1C75E90021D5AA /* Products */ = {
			isa = PBXGroup;
			children = (
				7F714FD42A1C75E90021D5AA /* LAB11 */,
			);
			name = Products;
			sourceTree = "<group>";
		};
		7F714FD62A1C75E90021D5AA /* LAB11 */ = {
			isa = PBXGroup;
			children = (
				7F714FDF2A1C76260021D5AA /* Heap.hpp */,
				7F714FE22A1C76780021D5AA /* PQType.hpp */,
				7F714FE42A1C85670021D5AA /* exercise_2.cpp */,
				7F714FE72A1C88A60021D5AA /* SortedType.hpp */,
				7F714FE92A1C898C0021D5AA /* PQLLType.cpp */,
				7F714FEA2A1C898C0021D5AA /* PQLLType.hpp */,
				7F714FEC2A1C8DA50021D5AA /* exercise_3.cpp */,
				7F714FEE2A1C8E180021D5AA /* StackType.cpp */,
				7F714FEF2A1C8E180021D5AA /* StackType.hpp */,
				7F714FF12A1C8F040021D5AA /* PQSType.cpp */,
				7F714FF22A1C8F040021D5AA /* PQSType.hpp */,
				7F714FF42A1CA8140021D5AA /* exercise_4.cpp */,
			);
			path = LAB11;
			sourceTree = "<group>";
		};
/* End PBXGroup section */

/* Begin PBXNativeTarget section */
		7F714FD32A1C75E90021D5AA /* LAB11 */ = {
			isa = PBXNativeTarget;
			buildConfigurationList = 7F714FDB2A1C75E90021D5AA /* Build configuration list for PBXNativeTarget "LAB11" */;
			buildPhases = (
				7F714FD02A1C75E90021D5AA /* Sources */,
				7F714FD12A1C75E90021D5AA /* Frameworks */,
				7F714FD22A1C75E90021D5AA /* CopyFiles */,
			);
			buildRules = (
			);
			dependencies = (
			);
			name = LAB11;
			productName = LAB11;
			productReference = 7F714FD42A1C75E90021D5AA /* LAB11 */;
			productType = "com.apple.product-type.tool";
		};
/* End PBXNativeTarget section */

/* Begin PBXProject section */
		7F714FCC2A1C75E90021D5AA /* Project object */ = {
			isa = PBXProject;
			attributes = {
				BuildIndependentTargetsInParallel = 1;
				LastUpgradeCheck = 1420;
				TargetAttributes = {
					7F714FD32A1C75E90021D5AA = {
						CreatedOnToolsVersion = 14.2;
					};
				};
			};
			buildConfigurationList = 7F714FCF2A1C75E90021D5AA /* Build configuration list for PBXProject "LAB11" */;
			compatibilityVersion = "Xcode 14.0";
			developmentRegion = en;
			hasScannedForEncodings = 0;
			knownRegions = (
				en,
				Base,
			);
			mainGroup = 7F714FCB2A1C75E90021D5AA;
			productRefGroup = 7F714FD52A1C75E90021D5AA /* Products */;
			projectDirPath = "";
			projectRoot = "";
			targets = (
				7F714FD32A1C75E90021D5AA /* LAB11 */,
			);
		};
/* End PBXProject section */

/* Begin PBXSourcesBuildPhase section */
		7F714FD02A1C75E90021D5AA /* Sources */ = {
			isa = PBXSourcesBuildPhase;
			buildActionMask = 2147483647;
			files = (
				7F714FF62A1CA8BE0021D5AA /* exercise_4.cpp in Sources */,
			);
			runOnlyForDeploymentPostprocessing = 0;
		};
/* End PBXSourcesBuildPhase section */

/* Begin XCBuildConfiguration section */
		7F714FD92A1C75E90021D5AA /* Debug */ = {
			isa = XCBuildConfiguration;
			buildSettings = {
				ALWAYS_SEARCH_USER_PATHS = NO;
				CLANG_ANALYZER_NONNULL = YES;
				CLANG_ANALYZER_NUMBER_OBJECT_CONVERSION = YES_AGGRESSIVE;
				CLANG_CXX_LANGUAGE_STANDARD = "gnu++20";
				CLANG_ENABLE_MODULES = YES;
				CLANG_ENABLE_OBJC_ARC = YES;
				CLANG_ENABLE_OBJC_WEAK = YES;
				CLANG_WARN_BLOCK_CAPTURE_AUTORELEASING = YES;
				CLANG_WARN_BOOL_CONVERSION = YES;
				CLANG_WARN_COMMA = YES;
				CLANG_WARN_CONSTANT_CONVERSION = YES;
				CLANG_WARN_DEPRECATED_OBJC_IMPLEMENTATIONS = YES;
				CLANG_WARN_DIRECT_OBJC_ISA_USAGE = YES_ERROR;
				CLANG_WARN_DOCUMENTATION_COMMENTS = YES;
				CLANG_WARN_EMPTY_BODY = YES;
				CLANG_WARN_ENUM_CONVERSION = YES;
				CLANG_WARN_INFINITE_RECURSION = YES;
				CLANG_WARN_INT_CONVERSION = YES;
				CLANG_WARN_NON_LITERAL_NULL_CONVERSION = YES;
				CLANG_WARN_OBJC_IMPLICIT_RETAIN_SELF = YES;
				CLANG_WARN_OBJC_LITERAL_CONVERSION = YES;
				CLANG_WARN_OBJC_ROOT_CLASS = YES_ERROR;
				CLANG_WARN_QUOTED_INCLUDE_IN_FRAMEWORK_HEADER = YES;
				CLANG_WARN_RANGE_LOOP_ANALYSIS = YES;
				CLANG_WARN_STRICT_PROTOTYPES = YES;
				CLANG_WARN_SUSPICIOUS_MOVE = YES;
				CLANG_WARN_UNGUARDED_AVAILABILITY = YES_AGGRESSIVE;
				CLANG_WARN_UNREACHABLE_CODE = YES;
				CLANG_WARN__DUPLICATE_METHOD_MATCH = YES;
				COPY_PHASE_STRIP = NO;
				DEBUG_INFORMATION_FORMAT = dwarf;
				ENABLE_STRICT_OBJC_MSGSEND = YES;
				ENABLE_TESTABILITY = YES;
				GCC_C_LANGUAGE_STANDARD = gnu11;
				GCC_DYNAMIC_NO_PIC = NO;
				GCC_NO_COMMON_BLOCKS = YES;
				GCC_OPTIMIZATION_LEVEL = 0;
				GCC_PREPROCESSOR_DEFINITIONS = (
					"DEBUG=1",
					"$(inherited)",
				);
				GCC_WARN_64_TO_32_BIT_CONVERSION = YES;
				GCC_WARN_ABOUT_RETURN_TYPE = YES_ERROR;
				GCC_WARN_UNDECLARED_SELECTOR = YES;
				GCC_WARN_UNINITIALIZED_AUTOS = YES_AGGRESSIVE;
				GCC_WARN_UNUSED_FUNCTION = YES;
				GCC_WARN_UNUSED_VARIABLE = YES;
				MACOSX_DEPLOYMENT_TARGET = 13.1;
				MTL_ENABLE_DEBUG_INFO = INCLUDE_SOURCE;
				MTL_FAST_MATH = YES;
				ONLY_ACTIVE_ARCH = YES;
				SDKROOT = macosx;
			};
			name = Debug;
		};
		7F714FDA2A1C75E90021D5AA /* Release */ = {
			isa = XCBuildConfiguration;
			buildSettings = {
				ALWAYS_SEARCH_USER_PATHS = NO;
				CLANG_ANALYZER_NONNULL = YES;
				CLANG_ANALYZER_NUMBER_OBJECT_CONVERSION = YES_AGGRESSIVE;
				CLANG_CXX_LANGUAGE_STANDARD = "gnu++20";
				CLANG_ENABLE_MODULES = YES;
				CLANG_ENABLE_OBJC_ARC = YES;
				CLANG_ENABLE_OBJC_WEAK = YES;
				CLANG_WARN_BLOCK_CAPTURE_AUTORELEASING = YES;
				CLANG_WARN_BOOL_CONVERSION = YES;
				CLANG_WARN_COMMA = YES;
				CLANG_WARN_CONSTANT_CONVERSION = YES;
				CLANG_WARN_DEPRECATED_OBJC_IMPLEMENTATIONS = YES;
				CLANG_WARN_DIRECT_OBJC_ISA_USAGE = YES_ERROR;
				CLANG_WARN_DOCUMENTATION_COMMENTS = YES;
				CLANG_WARN_EMPTY_BODY = YES;
				CLANG_WARN_ENUM_CONVERSION = YES;
				CLANG_WARN_INFINITE_RECURSION = YES;
				CLANG_WARN_INT_CONVERSION = YES;
				CLANG_WARN_NON_LITERAL_NULL_CONVERSION = YES;
				CLANG_WARN_OBJC_IMPLICIT_RETAIN_SELF = YES;
				CLANG_WARN_OBJC_LITERAL_CONVERSION = YES;
				CLANG_WARN_OBJC_ROOT_CLASS = YES_ERROR;
				CLANG_WARN_QUOTED_INCLUDE_IN_FRAMEWORK_HEADER = YES;
				CLANG_WARN_RANGE_LOOP_ANALYSIS = YES;
				CLANG_WARN_STRICT_PROTOTYPES = YES;
				CLANG_WARN_SUSPICIOUS_MOVE = YES;
				CLANG_WARN_UNGUARDED_AVAILABILITY = YES_AGGRESSIVE;
				CLANG_WARN_UNREACHABLE_CODE = YES;
				CLANG_WARN__DUPLICATE_METHOD_MATCH = YES;
				COPY_PHASE_STRIP = NO;
				DEBUG_INFORMATION_FORMAT = "dwarf-with-dsym";
				ENABLE_NS_ASSERTIONS = NO;
				ENABLE_STRICT_OBJC_MSGSEND = YES;
				GCC_C_LANGUAGE_STANDARD = gnu11;
				GCC_NO_COMMON_BLOCKS = YES;
				GCC_WARN_64_TO_32_BIT_CONVERSION = YES;
				GCC_WARN_ABOUT_RETURN_TYPE = YES_ERROR;
				GCC_WARN_UNDECLARED_SELECTOR = YES;
				GCC_WARN_UNINITIALIZED_AUTOS = YES_AGGRESSIVE;
				GCC_WARN_UNUSED_FUNCTION = YES;
				GCC_WARN_UNUSED_VARIABLE = YES;
				MACOSX_DEPLOYMENT_TARGET = 13.1;
				MTL_ENABLE_DEBUG_INFO = NO;
				MTL_FAST_MATH = YES;
				SDKROOT = macosx;
			};
			name = Release;
		};
		7F714FDC2A1C75E90021D5AA /* Debug */ = {
			isa = XCBuildConfiguration;
			buildSettings = {
				CODE_SIGN_STYLE = Automatic;
				PRODUCT_NAME = "$(TARGET_NAME)";
			};
			name = Debug;
		};
		7F714FDD2A1C75E90021D5AA /* Release */ = {
			isa = XCBuildConfiguration;
			buildSettings = {
				CODE_SIGN_STYLE = Automatic;
				PRODUCT_NAME = "$(TARGET_NAME)";
			};
			name = Release;
		};
/* End XCBuildConfiguration section */

/* Begin XCConfigurationList section */
		7F714FCF2A1C75E90021D5AA /* Build configuration list for PBXProject "LAB11" */ = {
			isa = XCConfigurationList;
			buildConfigurations = (
				7F714FD92A1C75E90021D5AA /* Debug */,
				7F714FDA2A1C75E90021D5AA /* Release */,
			);
			defaultConfigurationIsVisible = 0;
			defaultConfigurationName = Release;
		};
		7F714FDB2A1C75E90021D5AA /* Build configuration list for PBXNativeTarget "LAB11" */ = {
			isa = XCConfigurationList;
			buildConfigurations = (
				7F714FDC2A1C75E90021D5AA /* Debug */,
				7F714FDD2A1C75E90021D5AA /* Release */,
			);
			defaultConfigurationIsVisible = 0;
			defaultConfigurationName = Release;
		};
/* End XCConfigurationList section */
	};
	rootObject = 7F714FCC2A1C75E90021D5AA /* Project object */;
}
